Microsoft Visual Studio Solution File, Format Version 12.00
# Visual Studio Version 17
VisualStudioVersion = 17.5.2.0
MinimumVisualStudioVersion = 10.0.40219.1
Project("{FAE04EC0-301F-11D3-BF4B-00C04F79EFBC}") = "PetStoreAPI", "PetStoreAPI\PetStoreAPI.csproj", "{135B6D14-CCB2-8214-906D-5C4E72AEFE72}"
EndProject
Project("{FAE04EC0-301F-11D3-BF4B-00C04F79EFBC}") = "PetStoreDesktop", "PetStoreDesktop\PetStoreDesktop.csproj", "{176A80A8-9716-86C6-FE3A-8C68A6CE518A}"
EndProject
Global
	GlobalSection(SolutionConfigurationPlatforms) = preSolution
		Debug|Any CPU = Debug|Any CPU
		Release|Any CPU = Release|Any CPU
	EndGlobalSection
	GlobalSection(ProjectConfigurationPlatforms) = postSolution
		{135B6D14-CCB2-8214-906D-5C4E72AEFE72}.Debug|Any CPU.ActiveCfg = Debug|Any CPU
		{135B6D14-CCB2-8214-906D-5C4E72AEFE72}.Debug|Any CPU.Build.0 = Debug|Any CPU
		{135B6D14-CCB2-8214-906D-5C4E72AEFE72}.Release|Any CPU.ActiveCfg = Release|Any CPU
		{135B6D14-CCB2-8214-906D-5C4E72AEFE72}.Release|Any CPU.Build.0 = Release|Any CPU
		{176A80A8-9716-86C6-FE3A-8C68A6CE518A}.Debug|Any CPU.ActiveCfg = Debug|Any CPU
		{176A80A8-9716-86C6-FE3A-8C68A6CE518A}.Debug|Any CPU.Build.0 = Debug|Any CPU
		{176A80A8-9716-86C6-FE3A-8C68A6CE518A}.Release|Any CPU.ActiveCfg = Release|Any CPU
		{176A80A8-9716-86C6-FE3A-8C68A6CE518A}.Release|Any CPU.Build.0 = Release|Any CPU
	EndGlobalSection
	GlobalSection(SolutionProperties) = preSolution
		HideSolutionNode = FALSE
	EndGlobalSection
	GlobalSection(ExtensibilityGlobals) = postSolution
		SolutionGuid = {D1458196-CDDE-4466-8093-502D01E9345A}
	EndGlobalSection
EndGlobal
